
Microsoft Visual Studio Solution File, Format Version 12.00
# Visual Studio Version 17
VisualStudioVersion = 17.5.33627.172
MinimumVisualStudioVersion = 10.0.40219.1
Project("{FAE04EC0-301F-11D3-BF4B-00C04F79EFBC}") = "sum_of_2_num", "sum_of_2_num\sum_of_2_num.csproj", "{CEF6C36D-0E0F-4B8C-9A90-3BBB8B5C7F8A}"
EndProject
Global
	GlobalSection(SolutionConfigurationPlatforms) = preSolution
		Debug|Any CPU = Debug|Any CPU
		Release|Any CPU = Release|Any CPU
	EndGlobalSection
	GlobalSection(ProjectConfigurationPlatforms) = postSolution
		{CEF6C36D-0E0F-4B8C-9A90-3BBB8B5C7F8A}.Debug|Any CPU.ActiveCfg = Debug|Any CPU
		{CEF6C36D-0E0F-4B8C-9A90-3BBB8B5C7F8A}.Debug|Any CPU.Build.0 = Debug|Any CPU
		{CEF6C36D-0E0F-4B8C-9A90-3BBB8B5C7F8A}.Release|Any CPU.ActiveCfg = Release|Any CPU
		{CEF6C36D-0E0F-4B8C-9A90-3BBB8B5C7F8A}.Release|Any CPU.Build.0 = Release|Any CPU
	EndGlobalSection
	GlobalSection(SolutionProperties) = preSolution
		HideSolutionNode = FALSE
	EndGlobalSection
	GlobalSection(ExtensibilityGlobals) = postSolution
		SolutionGuid = {B230D59D-8C3C-44E1-A2EA-601643C89407}
	EndGlobalSection
EndGlobal
